
Microsoft Visual Studio Solution File, Format Version 12.00
# Visual Studio Version 16
VisualStudioVersion = 16.0.30406.217
MinimumVisualStudioVersion = 10.0.40219.1
Project("{FAE04EC0-301F-11D3-BF4B-00C04F79EFBC}") = "SpcDebug", "SpcDebug.csproj", "{0FFB7B7F-2681-4B87-81B7-63B31897705A}"
EndProject
Global
	GlobalSection(SolutionConfigurationPlatforms) = preSolution
		Debug|Any CPU = Debug|Any CPU
		Release|Any CPU = Release|Any CPU
	EndGlobalSection
	GlobalSection(ProjectConfigurationPlatforms) = postSolution
		{0FFB7B7F-2681-4B87-81B7-63B31897705A}.Debug|Any CPU.ActiveCfg = Debug|Any CPU
		{0FFB7B7F-2681-4B87-81B7-63B31897705A}.Debug|Any CPU.Build.0 = Debug|Any CPU
		{0FFB7B7F-2681-4B87-81B7-63B31897705A}.Release|Any CPU.ActiveCfg = Release|Any CPU
		{0FFB7B7F-2681-4B87-81B7-63B31897705A}.Release|Any CPU.Build.0 = Release|Any CPU
	EndGlobalSection
	GlobalSection(SolutionProperties) = preSolution
		HideSolutionNode = FALSE
	EndGlobalSection
	GlobalSection(ExtensibilityGlobals) = postSolution
		SolutionGuid = {0F574038-DCC1-4526-B96B-B2D467792FF4}
	EndGlobalSection
EndGlobal
